{
  "name": "richtext-editor",
  "version": "1.0.0",
  "lockfileVersion": 2,
  "requires": true,
  "packages": {
    "": {
      "name": "richtext-editor",
      "version": "1.0.0",
      "dependencies": {
        "@rollup/plugin-replace": "^4.0.0",
        "sirv-cli": "^2.0.0",
        "svelte-lexical": "^0.1.2-beta.2"
      },
      "devDependencies": {
        "@rollup/plugin-commonjs": "^17.0.0",
        "@rollup/plugin-node-resolve": "^11.0.0",
        "rollup": "^2.3.4",
        "rollup-plugin-css-only": "^3.1.0",
        "rollup-plugin-livereload": "^2.0.0",
        "rollup-plugin-svelte": "^7.0.0",
        "rollup-plugin-terser": "^7.0.0",
        "svelte": "^3.0.0"
      }
    },
    "../../packages/svelte-lexical": {
      "extraneous": true,
      "dependencies": {
        "@lexical/code": "^0.2.2",
        "@lexical/hashtag": "^0.2.2",
        "@lexical/history": "^0.2.2",
        "@lexical/link": "^0.2.2",
        "@lexical/list": "^0.2.2",
        "@lexical/overflow": "^0.2.2",
        "@lexical/plain-text": "^0.2.2",
        "@lexical/rich-text": "^0.2.2",
        "@lexical/selection": "^0.2.2",
        "@lexical/table": "^0.2.2",
        "@lexical/utils": "^0.2.2",
        "lexical": "^0.2.2"
      },
      "devDependencies": {
        "@rollup/plugin-commonjs": "^21.1.0",
        "@rollup/plugin-node-resolve": "^9.0.0",
        "rollup": "^2.0.0",
        "rollup-plugin-svelte": "^7.0.0",
        "svelte": "^3.5.0"
      }
    },
    "node_modules/@babel/code-frame": {
      "version": "7.16.7",
      "dev": true,
      "license": "MIT",
      "dependencies": {
        "@babel/highlight": "^7.16.7"
      },
      "engines": {
        "node": ">=6.9.0"
      }
    },
    "node_modules/@babel/helper-validator-identifier": {
      "version": "7.16.7",
      "dev": true,
      "license": "MIT",
      "engines": {
        "node": ">=6.9.0"
      }
    },
    "node_modules/@babel/highlight": {
      "version": "7.17.9",
      "dev": true,
      "license": "MIT",
      "dependencies": {
        "@babel/helper-validator-identifier": "^7.16.7",
        "chalk": "^2.0.0",
        "js-tokens": "^4.0.0"
      },
      "engines": {
        "node": ">=6.9.0"
      }
    },
    "node_modules/@lexical/clipboard": {
      "version": "0.2.2",
      "resolved": "https://registry.npmjs.org/@lexical/clipboard/-/clipboard-0.2.2.tgz",
      "integrity": "sha512-05ED9muPdNFY7ly9HSzRWB+NhZgPRYDm64w+b5MOqaKlW5vp4xL9gU6jGhe54eyY+pQ+uNGVTGig+zHMllN5yg==",
      "peer": true,
      "dependencies": {
        "@lexical/selection": "0.2.2",
        "@lexical/utils": "0.2.2"
      },
      "peerDependencies": {
        "lexical": "0.2.2"
      }
    },
    "node_modules/@lexical/code": {
      "version": "0.2.2",
      "resolved": "https://registry.npmjs.org/@lexical/code/-/code-0.2.2.tgz",
      "integrity": "sha512-FCkAlqdFn/yEhc/bHJMTnqZeRgPK4WDPUwccpmAsKm1hk7gqI7nuN/jLX+LL+p8T6JoQ5AImZRv6F4Tij4frPQ==",
      "dependencies": {
        "@lexical/utils": "0.2.2",
        "prismjs": "^1.27.0"
      },
      "peerDependencies": {
        "lexical": "0.2.2"
      }
    },
    "node_modules/@lexical/hashtag": {
      "version": "0.2.2",
      "resolved": "https://registry.npmjs.org/@lexical/hashtag/-/hashtag-0.2.2.tgz",
      "integrity": "sha512-pRLHki72tp7uOC9LF7wPsBgZW8mHWYS2VtBXsZRnqRz5zvphbMpMVETzn075kohSZtYlL2FC6FBxycRWT2U1kQ==",
      "dependencies": {
        "@lexical/utils": "0.2.2"
      },
      "peerDependencies": {
        "lexical": "0.2.2"
      }
    },
    "node_modules/@lexical/history": {
      "version": "0.2.2",
      "resolved": "https://registry.npmjs.org/@lexical/history/-/history-0.2.2.tgz",
      "integrity": "sha512-MwOiL1a1pXWG4bEQyiIz4mjz0MZ4YHO8E8pbkDAwm8rMX4yMReshBYi4GAfskhPmeDmWOhgqYfYgqHPbxGTPVg==",
      "dependencies": {
        "@lexical/utils": "0.2.2"
      },
      "peerDependencies": {
        "lexical": "0.2.2"
      }
    },
    "node_modules/@lexical/link": {
      "version": "0.2.2",
      "resolved": "https://registry.npmjs.org/@lexical/link/-/link-0.2.2.tgz",
      "integrity": "sha512-urui5yqqLZELJR5K8BCpkZkMWYLpKSGPjabftqec6B1ojyruRhClckW29D/9ebpVunbsahflMm/XdLtB9muWkg==",
      "dependencies": {
        "@lexical/utils": "0.2.2"
      },
      "peerDependencies": {
        "lexical": "0.2.2"
      }
    },
    "node_modules/@lexical/list": {
      "version": "0.2.2",
      "resolved": "https://registry.npmjs.org/@lexical/list/-/list-0.2.2.tgz",
      "integrity": "sha512-sS2aCTLsPPH61sOAEwqeXLixkNWgKn+LS4QY6qXnKc437li6+sX5aBx3AythKUkCxsHrR3o+rcQzh7tHpW1Blg==",
      "dependencies": {
        "@lexical/utils": "0.2.2"
      },
      "peerDependencies": {
        "lexical": "0.2.2"
      }
    },
    "node_modules/@lexical/overflow": {
      "version": "0.2.2",
      "resolved": "https://registry.npmjs.org/@lexical/overflow/-/overflow-0.2.2.tgz",
      "integrity": "sha512-9fMRtWFvPXL9z3yAfwi/l3pEWpFWZfAwEpEUTo4DRrHEn3eJqTAbbfEFWxPqjlpViDylqFi3Rk6nrd5Rii6kLw==",
      "peerDependencies": {
        "lexical": "0.2.2"
      }
    },
    "node_modules/@lexical/plain-text": {
      "version": "0.2.2",
      "resolved": "https://registry.npmjs.org/@lexical/plain-text/-/plain-text-0.2.2.tgz",
      "integrity": "sha512-HnPYDzdZNQG0bSxhvpxkJBngqirx9R7rYCShmZlucmyaY47g0sXozL695BOq5nfkOFXE9eKwisDHjk+FEXHIpg==",
      "peerDependencies": {
        "@lexical/clipboard": "0.2.2",
        "@lexical/selection": "0.2.2",
        "@lexical/utils": "0.2.2",
        "lexical": "0.2.2"
      }
    },
    "node_modules/@lexical/rich-text": {
      "version": "0.2.2",
      "resolved": "https://registry.npmjs.org/@lexical/rich-text/-/rich-text-0.2.2.tgz",
      "integrity": "sha512-uBb9ke5Om5BkGjwpsbZLp6T6UkZUuVkDvzV0fVhuRKYMRKL7eXuGrJVUM+ijNpTrlfSN81TN9OxculVpjC7rUQ==",
      "peerDependencies": {
        "@lexical/clipboard": "0.2.2",
        "@lexical/selection": "0.2.2",
        "@lexical/utils": "0.2.2",
        "lexical": "0.2.2"
      }
    },
    "node_modules/@lexical/selection": {
      "version": "0.2.2",
      "resolved": "https://registry.npmjs.org/@lexical/selection/-/selection-0.2.2.tgz",
      "integrity": "sha512-UQaEiLIxvBmluZprw2nc5uZyOzx+77nRD+7D5fJOa7FcVlBDVgatHNjDGf/uSd4ZyeUWdSWVDgPnjfC8FlmTqQ==",
      "peerDependencies": {
        "lexical": "0.2.2"
      }
    },
    "node_modules/@lexical/table": {
      "version": "0.2.2",
      "resolved": "https://registry.npmjs.org/@lexical/table/-/table-0.2.2.tgz",
      "integrity": "sha512-fyJRdSiX6igeBNnY1mB12LCmBzXhji2z6nUjfI1AA1pIaozTxHfU9Cn4j7BhTn60uiRvDSQI0Gb3DSF50d70yg==",
      "dependencies": {
        "@lexical/utils": "0.2.2"
      },
      "peerDependencies": {
        "lexical": "0.2.2"
      }
    },
    "node_modules/@lexical/utils": {
      "version": "0.2.2",
      "resolved": "https://registry.npmjs.org/@lexical/utils/-/utils-0.2.2.tgz",
      "integrity": "sha512-/+kjbQU7Tnkl11NirZVKrRTq5b1DQllQ0frZgL9ZtVQAZxkxwOUQmF/rOGAUrbJv2INz45IpMtDR1mZf+x3jCQ==",
      "dependencies": {
        "@lexical/list": "0.2.2",
        "@lexical/table": "0.2.2"
      },
      "peerDependencies": {
        "lexical": "0.2.2"
      }
    },
    "node_modules/@polka/url": {
      "version": "1.0.0-next.21",
      "license": "MIT"
    },
    "node_modules/@rollup/plugin-commonjs": {
      "version": "17.1.0",
      "dev": true,
      "license": "MIT",
      "dependencies": {
        "@rollup/pluginutils": "^3.1.0",
        "commondir": "^1.0.1",
        "estree-walker": "^2.0.1",
        "glob": "^7.1.6",
        "is-reference": "^1.2.1",
        "magic-string": "^0.25.7",
        "resolve": "^1.17.0"
      },
      "engines": {
        "node": ">= 8.0.0"
      },
      "peerDependencies": {
        "rollup": "^2.30.0"
      }
    },
    "node_modules/@rollup/plugin-node-resolve": {
      "version": "11.2.1",
      "dev": true,
      "license": "MIT",
      "dependencies": {
        "@rollup/pluginutils": "^3.1.0",
        "@types/resolve": "1.17.1",
        "builtin-modules": "^3.1.0",
        "deepmerge": "^4.2.2",
        "is-module": "^1.0.0",
        "resolve": "^1.19.0"
      },
      "engines": {
        "node": ">= 10.0.0"
      },
      "peerDependencies": {
        "rollup": "^1.20.0||^2.0.0"
      }
    },
    "node_modules/@rollup/plugin-replace": {
      "version": "4.0.0",
      "resolved": "https://registry.npmjs.org/@rollup/plugin-replace/-/plugin-replace-4.0.0.tgz",
      "integrity": "sha512-+rumQFiaNac9y64OHtkHGmdjm7us9bo1PlbgQfdihQtuNxzjpaB064HbRnewUOggLQxVCCyINfStkgmBeQpv1g==",
      "dependencies": {
        "@rollup/pluginutils": "^3.1.0",
        "magic-string": "^0.25.7"
      },
      "peerDependencies": {
        "rollup": "^1.20.0 || ^2.0.0"
      }
    },
    "node_modules/@rollup/pluginutils": {
      "version": "3.1.0",
      "license": "MIT",
      "dependencies": {
        "@types/estree": "0.0.39",
        "estree-walker": "^1.0.1",
        "picomatch": "^2.2.2"
      },
      "engines": {
        "node": ">= 8.0.0"
      },
      "peerDependencies": {
        "rollup": "^1.20.0||^2.0.0"
      }
    },
    "node_modules/@rollup/pluginutils/node_modules/estree-walker": {
      "version": "1.0.1",
      "license": "MIT"
    },
    "node_modules/@types/estree": {
      "version": "0.0.39",
      "license": "MIT"
    },
    "node_modules/@types/node": {
      "version": "17.0.25",
      "dev": true,
      "license": "MIT"
    },
    "node_modules/@types/resolve": {
      "version": "1.17.1",
      "dev": true,
      "license": "MIT",
      "dependencies": {
        "@types/node": "*"
      }
    },
    "node_modules/acorn": {
      "version": "8.7.0",
      "dev": true,
      "license": "MIT",
      "bin": {
        "acorn": "bin/acorn"
      },
      "engines": {
        "node": ">=0.4.0"
      }
    },
    "node_modules/ansi-styles": {
      "version": "3.2.1",
      "dev": true,
      "license": "MIT",
      "dependencies": {
        "color-convert": "^1.9.0"
      },
      "engines": {
        "node": ">=4"
      }
    },
    "node_modules/anymatch": {
      "version": "3.1.2",
      "dev": true,
      "license": "ISC",
      "dependencies": {
        "normalize-path": "^3.0.0",
        "picomatch": "^2.0.4"
      },
      "engines": {
        "node": ">= 8"
      }
    },
    "node_modules/balanced-match": {
      "version": "1.0.2",
      "dev": true,
      "license": "MIT"
    },
    "node_modules/binary-extensions": {
      "version": "2.2.0",
      "dev": true,
      "license": "MIT",
      "engines": {
        "node": ">=8"
      }
    },
    "node_modules/brace-expansion": {
      "version": "1.1.11",
      "dev": true,
      "license": "MIT",
      "dependencies": {
        "balanced-match": "^1.0.0",
        "concat-map": "0.0.1"
      }
    },
    "node_modules/braces": {
      "version": "3.0.2",
      "dev": true,
      "license": "MIT",
      "dependencies": {
        "fill-range": "^7.0.1"
      },
      "engines": {
        "node": ">=8"
      }
    },
    "node_modules/buffer-from": {
      "version": "1.1.2",
      "dev": true,
      "license": "MIT"
    },
    "node_modules/builtin-modules": {
      "version": "3.2.0",
      "dev": true,
      "license": "MIT",
      "engines": {
        "node": ">=6"
      },
      "funding": {
        "url": "https://github.com/sponsors/sindresorhus"
      }
    },
    "node_modules/chalk": {
      "version": "2.4.2",
      "dev": true,
      "license": "MIT",
      "dependencies": {
        "ansi-styles": "^3.2.1",
        "escape-string-regexp": "^1.0.5",
        "supports-color": "^5.3.0"
      },
      "engines": {
        "node": ">=4"
      }
    },
    "node_modules/chokidar": {
      "version": "3.5.3",
      "dev": true,
      "funding": [
        {
          "type": "individual",
          "url": "https://paulmillr.com/funding/"
        }
      ],
      "license": "MIT",
      "dependencies": {
        "anymatch": "~3.1.2",
        "braces": "~3.0.2",
        "glob-parent": "~5.1.2",
        "is-binary-path": "~2.1.0",
        "is-glob": "~4.0.1",
        "normalize-path": "~3.0.0",
        "readdirp": "~3.6.0"
      },
      "engines": {
        "node": ">= 8.10.0"
      },
      "optionalDependencies": {
        "fsevents": "~2.3.2"
      }
    },
    "node_modules/color-convert": {
      "version": "1.9.3",
      "dev": true,
      "license": "MIT",
      "dependencies": {
        "color-name": "1.1.3"
      }
    },
    "node_modules/color-name": {
      "version": "1.1.3",
      "dev": true,
      "license": "MIT"
    },
    "node_modules/commander": {
      "version": "2.20.3",
      "dev": true,
      "license": "MIT"
    },
    "node_modules/commondir": {
      "version": "1.0.1",
      "dev": true,
      "license": "MIT"
    },
    "node_modules/concat-map": {
      "version": "0.0.1",
      "dev": true,
      "license": "MIT"
    },
    "node_modules/console-clear": {
      "version": "1.1.1",
      "license": "MIT",
      "engines": {
        "node": ">=4"
      }
    },
    "node_modules/deepmerge": {
      "version": "4.2.2",
      "dev": true,
      "license": "MIT",
      "engines": {
        "node": ">=0.10.0"
      }
    },
    "node_modules/escape-string-regexp": {
      "version": "1.0.5",
      "dev": true,
      "license": "MIT",
      "engines": {
        "node": ">=0.8.0"
      }
    },
    "node_modules/estree-walker": {
      "version": "2.0.2",
      "dev": true,
      "license": "MIT"
    },
    "node_modules/fill-range": {
      "version": "7.0.1",
      "dev": true,
      "license": "MIT",
      "dependencies": {
        "to-regex-range": "^5.0.1"
      },
      "engines": {
        "node": ">=8"
      }
    },
    "node_modules/fs.realpath": {
      "version": "1.0.0",
      "dev": true,
      "license": "ISC"
    },
    "node_modules/function-bind": {
      "version": "1.1.1",
      "dev": true,
      "license": "MIT"
    },
    "node_modules/get-port": {
      "version": "3.2.0",
      "license": "MIT",
      "engines": {
        "node": ">=4"
      }
    },
    "node_modules/glob": {
      "version": "7.2.0",
      "dev": true,
      "license": "ISC",
      "dependencies": {
        "fs.realpath": "^1.0.0",
        "inflight": "^1.0.4",
        "inherits": "2",
        "minimatch": "^3.0.4",
        "once": "^1.3.0",
        "path-is-absolute": "^1.0.0"
      },
      "engines": {
        "node": "*"
      },
      "funding": {
        "url": "https://github.com/sponsors/isaacs"
      }
    },
    "node_modules/glob-parent": {
      "version": "5.1.2",
      "dev": true,
      "license": "ISC",
      "dependencies": {
        "is-glob": "^4.0.1"
      },
      "engines": {
        "node": ">= 6"
      }
    },
    "node_modules/has": {
      "version": "1.0.3",
      "dev": true,
      "license": "MIT",
      "dependencies": {
        "function-bind": "^1.1.1"
      },
      "engines": {
        "node": ">= 0.4.0"
      }
    },
    "node_modules/has-flag": {
      "version": "3.0.0",
      "dev": true,
      "license": "MIT",
      "engines": {
        "node": ">=4"
      }
    },
    "node_modules/inflight": {
      "version": "1.0.6",
      "dev": true,
      "license": "ISC",
      "dependencies": {
        "once": "^1.3.0",
        "wrappy": "1"
      }
    },
    "node_modules/inherits": {
      "version": "2.0.4",
      "dev": true,
      "license": "ISC"
    },
    "node_modules/is-binary-path": {
      "version": "2.1.0",
      "dev": true,
      "license": "MIT",
      "dependencies": {
        "binary-extensions": "^2.0.0"
      },
      "engines": {
        "node": ">=8"
      }
    },
    "node_modules/is-core-module": {
      "version": "2.8.1",
      "dev": true,
      "license": "MIT",
      "dependencies": {
        "has": "^1.0.3"
      },
      "funding": {
        "url": "https://github.com/sponsors/ljharb"
      }
    },
    "node_modules/is-extglob": {
      "version": "2.1.1",
      "dev": true,
      "license": "MIT",
      "engines": {
        "node": ">=0.10.0"
      }
    },
    "node_modules/is-glob": {
      "version": "4.0.3",
      "dev": true,
      "license": "MIT",
      "dependencies": {
        "is-extglob": "^2.1.1"
      },
      "engines": {
        "node": ">=0.10.0"
      }
    },
    "node_modules/is-module": {
      "version": "1.0.0",
      "dev": true,
      "license": "MIT"
    },
    "node_modules/is-number": {
      "version": "7.0.0",
      "dev": true,
      "license": "MIT",
      "engines": {
        "node": ">=0.12.0"
      }
    },
    "node_modules/is-reference": {
      "version": "1.2.1",
      "dev": true,
      "license": "MIT",
      "dependencies": {
        "@types/estree": "*"
      }
    },
    "node_modules/jest-worker": {
      "version": "26.6.2",
      "dev": true,
      "license": "MIT",
      "dependencies": {
        "@types/node": "*",
        "merge-stream": "^2.0.0",
        "supports-color": "^7.0.0"
      },
      "engines": {
        "node": ">= 10.13.0"
      }
    },
    "node_modules/jest-worker/node_modules/has-flag": {
      "version": "4.0.0",
      "dev": true,
      "license": "MIT",
      "engines": {
        "node": ">=8"
      }
    },
    "node_modules/jest-worker/node_modules/supports-color": {
      "version": "7.2.0",
      "dev": true,
      "license": "MIT",
      "dependencies": {
        "has-flag": "^4.0.0"
      },
      "engines": {
        "node": ">=8"
      }
    },
    "node_modules/js-tokens": {
      "version": "4.0.0",
      "dev": true,
      "license": "MIT"
    },
    "node_modules/kleur": {
      "version": "4.1.4",
      "license": "MIT",
      "engines": {
        "node": ">=6"
      }
    },
    "node_modules/lexical": {
      "version": "0.2.2",
      "resolved": "https://registry.npmjs.org/lexical/-/lexical-0.2.2.tgz",
      "integrity": "sha512-Ga9iJKRmSlBzOFrsbLxXc0NNmU0LMeGod1qzU0QIUgVd0RRIaBNLb5c2mPuUUksK7QEq1hHqztofynWDhGNx6w=="
    },
    "node_modules/livereload": {
      "version": "0.9.3",
      "dev": true,
      "license": "MIT",
      "dependencies": {
        "chokidar": "^3.5.0",
        "livereload-js": "^3.3.1",
        "opts": ">= 1.2.0",
        "ws": "^7.4.3"
      },
      "bin": {
        "livereload": "bin/livereload.js"
      },
      "engines": {
        "node": ">=8.0.0"
      }
    },
    "node_modules/livereload-js": {
      "version": "3.3.3",
      "dev": true,
      "license": "MIT"
    },
    "node_modules/local-access": {
      "version": "1.1.0",
      "license": "MIT",
      "engines": {
        "node": ">=6"
      }
    },
    "node_modules/magic-string": {
      "version": "0.25.9",
      "license": "MIT",
      "dependencies": {
        "sourcemap-codec": "^1.4.8"
      }
    },
    "node_modules/merge-stream": {
      "version": "2.0.0",
      "dev": true,
      "license": "MIT"
    },
    "node_modules/minimatch": {
      "version": "3.1.2",
      "dev": true,
      "license": "ISC",
      "dependencies": {
        "brace-expansion": "^1.1.7"
      },
      "engines": {
        "node": "*"
      }
    },
    "node_modules/mri": {
      "version": "1.2.0",
      "license": "MIT",
      "engines": {
        "node": ">=4"
      }
    },
    "node_modules/mrmime": {
      "version": "1.0.0",
      "license": "MIT",
      "engines": {
        "node": ">=10"
      }
    },
    "node_modules/normalize-path": {
      "version": "3.0.0",
      "dev": true,
      "license": "MIT",
      "engines": {
        "node": ">=0.10.0"
      }
    },
    "node_modules/once": {
      "version": "1.4.0",
      "dev": true,
      "license": "ISC",
      "dependencies": {
        "wrappy": "1"
      }
    },
    "node_modules/opts": {
      "version": "2.0.2",
      "dev": true,
      "license": "BSD-2-Clause"
    },
    "node_modules/path-is-absolute": {
      "version": "1.0.1",
      "dev": true,
      "license": "MIT",
      "engines": {
        "node": ">=0.10.0"
      }
    },
    "node_modules/path-parse": {
      "version": "1.0.7",
      "dev": true,
      "license": "MIT"
    },
    "node_modules/picomatch": {
      "version": "2.3.1",
      "license": "MIT",
      "engines": {
        "node": ">=8.6"
      },
      "funding": {
        "url": "https://github.com/sponsors/jonschlinkert"
      }
    },
    "node_modules/prismjs": {
      "version": "1.28.0",
      "resolved": "https://registry.npmjs.org/prismjs/-/prismjs-1.28.0.tgz",
      "integrity": "sha512-8aaXdYvl1F7iC7Xm1spqSaY/OJBpYW3v+KJ+F17iYxvdc8sfjW194COK5wVhMZX45tGteiBQgdvD/nhxcRwylw==",
      "engines": {
        "node": ">=6"
      }
    },
    "node_modules/randombytes": {
      "version": "2.1.0",
      "dev": true,
      "license": "MIT",
      "dependencies": {
        "safe-buffer": "^5.1.0"
      }
    },
    "node_modules/readdirp": {
      "version": "3.6.0",
      "dev": true,
      "license": "MIT",
      "dependencies": {
        "picomatch": "^2.2.1"
      },
      "engines": {
        "node": ">=8.10.0"
      }
    },
    "node_modules/require-relative": {
      "version": "0.8.7",
      "dev": true,
      "license": "MIT"
    },
    "node_modules/resolve": {
      "version": "1.22.0",
      "dev": true,
      "license": "MIT",
      "dependencies": {
        "is-core-module": "^2.8.1",
        "path-parse": "^1.0.7",
        "supports-preserve-symlinks-flag": "^1.0.0"
      },
      "bin": {
        "resolve": "bin/resolve"
      },
      "funding": {
        "url": "https://github.com/sponsors/ljharb"
      }
    },
    "node_modules/rollup": {
      "version": "2.70.2",
      "license": "MIT",
      "bin": {
        "rollup": "dist/bin/rollup"
      },
      "engines": {
        "node": ">=10.0.0"
      },
      "optionalDependencies": {
        "fsevents": "~2.3.2"
      }
    },
    "node_modules/rollup-plugin-css-only": {
      "version": "3.1.0",
      "dev": true,
      "license": "MIT",
      "dependencies": {
        "@rollup/pluginutils": "4"
      },
      "engines": {
        "node": ">=10.12.0"
      },
      "peerDependencies": {
        "rollup": "1 || 2"
      }
    },
    "node_modules/rollup-plugin-css-only/node_modules/@rollup/pluginutils": {
      "version": "4.2.1",
      "dev": true,
      "license": "MIT",
      "dependencies": {
        "estree-walker": "^2.0.1",
        "picomatch": "^2.2.2"
      },
      "engines": {
        "node": ">= 8.0.0"
      }
    },
    "node_modules/rollup-plugin-livereload": {
      "version": "2.0.5",
      "dev": true,
      "license": "MIT",
      "dependencies": {
        "livereload": "^0.9.1"
      },
      "engines": {
        "node": ">=8.3"
      }
    },
    "node_modules/rollup-plugin-svelte": {
      "version": "7.1.0",
      "dev": true,
      "license": "MIT",
      "dependencies": {
        "require-relative": "^0.8.7",
        "rollup-pluginutils": "^2.8.2"
      },
      "engines": {
        "node": ">=10"
      },
      "peerDependencies": {
        "rollup": ">=2.0.0",
        "svelte": ">=3.5.0"
      }
    },
    "node_modules/rollup-plugin-terser": {
      "version": "7.0.2",
      "dev": true,
      "license": "MIT",
      "dependencies": {
        "@babel/code-frame": "^7.10.4",
        "jest-worker": "^26.2.1",
        "serialize-javascript": "^4.0.0",
        "terser": "^5.0.0"
      },
      "peerDependencies": {
        "rollup": "^2.0.0"
      }
    },
    "node_modules/rollup-pluginutils": {
      "version": "2.8.2",
      "dev": true,
      "license": "MIT",
      "dependencies": {
        "estree-walker": "^0.6.1"
      }
    },
    "node_modules/rollup-pluginutils/node_modules/estree-walker": {
      "version": "0.6.1",
      "dev": true,
      "license": "MIT"
    },
    "node_modules/sade": {
      "version": "1.8.1",
      "license": "MIT",
      "dependencies": {
        "mri": "^1.1.0"
      },
      "engines": {
        "node": ">=6"
      }
    },
    "node_modules/safe-buffer": {
      "version": "5.2.1",
      "dev": true,
      "funding": [
        {
          "type": "github",
          "url": "https://github.com/sponsors/feross"
        },
        {
          "type": "patreon",
          "url": "https://www.patreon.com/feross"
        },
        {
          "type": "consulting",
          "url": "https://feross.org/support"
        }
      ],
      "license": "MIT"
    },
    "node_modules/semiver": {
      "version": "1.1.0",
      "license": "MIT",
      "engines": {
        "node": ">=6"
      }
    },
    "node_modules/serialize-javascript": {
      "version": "4.0.0",
      "dev": true,
      "license": "BSD-3-Clause",
      "dependencies": {
        "randombytes": "^2.1.0"
      }
    },
    "node_modules/sirv": {
      "version": "2.0.2",
      "license": "MIT",
      "dependencies": {
        "@polka/url": "^1.0.0-next.20",
        "mrmime": "^1.0.0",
        "totalist": "^3.0.0"
      },
      "engines": {
        "node": ">= 10"
      }
    },
    "node_modules/sirv-cli": {
      "version": "2.0.2",
      "license": "MIT",
      "dependencies": {
        "console-clear": "^1.1.0",
        "get-port": "^3.2.0",
        "kleur": "^4.1.4",
        "local-access": "^1.0.1",
        "sade": "^1.6.0",
        "semiver": "^1.0.0",
        "sirv": "^2.0.0",
        "tinydate": "^1.0.0"
      },
      "bin": {
        "sirv": "bin.js"
      },
      "engines": {
        "node": ">= 10"
      }
    },
    "node_modules/source-map": {
      "version": "0.7.3",
      "dev": true,
      "license": "BSD-3-Clause",
      "engines": {
        "node": ">= 8"
      }
    },
    "node_modules/source-map-support": {
      "version": "0.5.21",
      "dev": true,
      "license": "MIT",
      "dependencies": {
        "buffer-from": "^1.0.0",
        "source-map": "^0.6.0"
      }
    },
    "node_modules/source-map-support/node_modules/source-map": {
      "version": "0.6.1",
      "dev": true,
      "license": "BSD-3-Clause",
      "engines": {
        "node": ">=0.10.0"
      }
    },
    "node_modules/sourcemap-codec": {
      "version": "1.4.8",
      "license": "MIT"
    },
    "node_modules/supports-color": {
      "version": "5.5.0",
      "dev": true,
      "license": "MIT",
      "dependencies": {
        "has-flag": "^3.0.0"
      },
      "engines": {
        "node": ">=4"
      }
    },
    "node_modules/supports-preserve-symlinks-flag": {
      "version": "1.0.0",
      "dev": true,
      "license": "MIT",
      "engines": {
        "node": ">= 0.4"
      },
      "funding": {
        "url": "https://github.com/sponsors/ljharb"
      }
    },
    "node_modules/svelte": {
      "version": "3.47.0",
      "dev": true,
      "license": "MIT",
      "engines": {
        "node": ">= 8"
      }
    },
    "node_modules/svelte-lexical": {
      "version": "0.1.2-beta.1",
      "resolved": "https://registry.npmjs.org/svelte-lexical/-/svelte-lexical-0.1.2-beta.1.tgz",
      "integrity": "sha512-/z9qoZvvL1PtWGM1STAIMgWWHj4RK0M47SeLNKOBmZ4COQxsP19BxaJDjZr/jMuwtHmT7LpOfw/uITC5WDM/Yg==",
      "dependencies": {
        "@lexical/code": "^0.2.2",
        "@lexical/hashtag": "^0.2.2",
        "@lexical/history": "^0.2.2",
        "@lexical/link": "^0.2.2",
        "@lexical/list": "^0.2.2",
        "@lexical/overflow": "^0.2.2",
        "@lexical/plain-text": "^0.2.2",
        "@lexical/rich-text": "^0.2.2",
        "@lexical/selection": "^0.2.2",
        "@lexical/table": "^0.2.2",
        "@lexical/utils": "^0.2.2",
        "lexical": "^0.2.2"
      }
    },
    "node_modules/terser": {
      "version": "5.12.1",
      "dev": true,
      "license": "BSD-2-Clause",
      "dependencies": {
        "acorn": "^8.5.0",
        "commander": "^2.20.0",
        "source-map": "~0.7.2",
        "source-map-support": "~0.5.20"
      },
      "bin": {
        "terser": "bin/terser"
      },
      "engines": {
        "node": ">=10"
      }
    },
    "node_modules/tinydate": {
      "version": "1.3.0",
      "license": "MIT",
      "engines": {
        "node": ">=4"
      }
    },
    "node_modules/to-regex-range": {
      "version": "5.0.1",
      "dev": true,
      "license": "MIT",
      "dependencies": {
        "is-number": "^7.0.0"
      },
      "engines": {
        "node": ">=8.0"
      }
    },
    "node_modules/totalist": {
      "version": "3.0.0",
      "license": "MIT",
      "engines": {
        "node": ">=6"
      }
    },
    "node_modules/wrappy": {
      "version": "1.0.2",
      "dev": true,
      "license": "ISC"
    },
    "node_modules/ws": {
      "version": "7.5.7",
      "dev": true,
      "license": "MIT",
      "engines": {
        "node": ">=8.3.0"
      },
      "peerDependencies": {
        "bufferutil": "^4.0.1",
        "utf-8-validate": "^5.0.2"
      },
      "peerDependenciesMeta": {
        "bufferutil": {
          "optional": true
        },
        "utf-8-validate": {
          "optional": true
        }
      }
    }
  },
  "dependencies": {
    "@babel/code-frame": {
      "version": "7.16.7",
      "dev": true,
      "requires": {
        "@babel/highlight": "^7.16.7"
      }
    },
    "@babel/helper-validator-identifier": {
      "version": "7.16.7",
      "dev": true
    },
    "@babel/highlight": {
      "version": "7.17.9",
      "dev": true,
      "requires": {
        "@babel/helper-validator-identifier": "^7.16.7",
        "chalk": "^2.0.0",
        "js-tokens": "^4.0.0"
      }
    },
    "@lexical/clipboard": {
      "version": "0.2.2",
      "resolved": "https://registry.npmjs.org/@lexical/clipboard/-/clipboard-0.2.2.tgz",
      "integrity": "sha512-05ED9muPdNFY7ly9HSzRWB+NhZgPRYDm64w+b5MOqaKlW5vp4xL9gU6jGhe54eyY+pQ+uNGVTGig+zHMllN5yg==",
      "peer": true,
      "requires": {
        "@lexical/selection": "0.2.2",
        "@lexical/utils": "0.2.2"
      }
    },
    "@lexical/code": {
      "version": "0.2.2",
      "resolved": "https://registry.npmjs.org/@lexical/code/-/code-0.2.2.tgz",
      "integrity": "sha512-FCkAlqdFn/yEhc/bHJMTnqZeRgPK4WDPUwccpmAsKm1hk7gqI7nuN/jLX+LL+p8T6JoQ5AImZRv6F4Tij4frPQ==",
      "requires": {
        "@lexical/utils": "0.2.2",
        "prismjs": "^1.27.0"
      }
    },
    "@lexical/hashtag": {
      "version": "0.2.2",
      "resolved": "https://registry.npmjs.org/@lexical/hashtag/-/hashtag-0.2.2.tgz",
      "integrity": "sha512-pRLHki72tp7uOC9LF7wPsBgZW8mHWYS2VtBXsZRnqRz5zvphbMpMVETzn075kohSZtYlL2FC6FBxycRWT2U1kQ==",
      "requires": {
        "@lexical/utils": "0.2.2"
      }
    },
    "@lexical/history": {
      "version": "0.2.2",
      "resolved": "https://registry.npmjs.org/@lexical/history/-/history-0.2.2.tgz",
      "integrity": "sha512-MwOiL1a1pXWG4bEQyiIz4mjz0MZ4YHO8E8pbkDAwm8rMX4yMReshBYi4GAfskhPmeDmWOhgqYfYgqHPbxGTPVg==",
      "requires": {
        "@lexical/utils": "0.2.2"
      }
    },
    "@lexical/link": {
      "version": "0.2.2",
      "resolved": "https://registry.npmjs.org/@lexical/link/-/link-0.2.2.tgz",
      "integrity": "sha512-urui5yqqLZELJR5K8BCpkZkMWYLpKSGPjabftqec6B1ojyruRhClckW29D/9ebpVunbsahflMm/XdLtB9muWkg==",
      "requires": {
        "@lexical/utils": "0.2.2"
      }
    },
    "@lexical/list": {
      "version": "0.2.2",
      "resolved": "https://registry.npmjs.org/@lexical/list/-/list-0.2.2.tgz",
      "integrity": "sha512-sS2aCTLsPPH61sOAEwqeXLixkNWgKn+LS4QY6qXnKc437li6+sX5aBx3AythKUkCxsHrR3o+rcQzh7tHpW1Blg==",
      "requires": {
        "@lexical/utils": "0.2.2"
      }
    },
    "@lexical/overflow": {
      "version": "0.2.2",
      "resolved": "https://registry.npmjs.org/@lexical/overflow/-/overflow-0.2.2.tgz",
      "integrity": "sha512-9fMRtWFvPXL9z3yAfwi/l3pEWpFWZfAwEpEUTo4DRrHEn3eJqTAbbfEFWxPqjlpViDylqFi3Rk6nrd5Rii6kLw==",
      "requires": {}
    },
    "@lexical/plain-text": {
      "version": "0.2.2",
      "resolved": "https://registry.npmjs.org/@lexical/plain-text/-/plain-text-0.2.2.tgz",
      "integrity": "sha512-HnPYDzdZNQG0bSxhvpxkJBngqirx9R7rYCShmZlucmyaY47g0sXozL695BOq5nfkOFXE9eKwisDHjk+FEXHIpg==",
      "requires": {}
    },
    "@lexical/rich-text": {
      "version": "0.2.2",
      "resolved": "https://registry.npmjs.org/@lexical/rich-text/-/rich-text-0.2.2.tgz",
      "integrity": "sha512-uBb9ke5Om5BkGjwpsbZLp6T6UkZUuVkDvzV0fVhuRKYMRKL7eXuGrJVUM+ijNpTrlfSN81TN9OxculVpjC7rUQ==",
      "requires": {}
    },
    "@lexical/selection": {
      "version": "0.2.2",
      "resolved": "https://registry.npmjs.org/@lexical/selection/-/selection-0.2.2.tgz",
      "integrity": "sha512-UQaEiLIxvBmluZprw2nc5uZyOzx+77nRD+7D5fJOa7FcVlBDVgatHNjDGf/uSd4ZyeUWdSWVDgPnjfC8FlmTqQ==",
      "requires": {}
    },
    "@lexical/table": {
      "version": "0.2.2",
      "resolved": "https://registry.npmjs.org/@lexical/table/-/table-0.2.2.tgz",
      "integrity": "sha512-fyJRdSiX6igeBNnY1mB12LCmBzXhji2z6nUjfI1AA1pIaozTxHfU9Cn4j7BhTn60uiRvDSQI0Gb3DSF50d70yg==",
      "requires": {
        "@lexical/utils": "0.2.2"
      }
    },
    "@lexical/utils": {
      "version": "0.2.2",
      "resolved": "https://registry.npmjs.org/@lexical/utils/-/utils-0.2.2.tgz",
      "integrity": "sha512-/+kjbQU7Tnkl11NirZVKrRTq5b1DQllQ0frZgL9ZtVQAZxkxwOUQmF/rOGAUrbJv2INz45IpMtDR1mZf+x3jCQ==",
      "requires": {
        "@lexical/list": "0.2.2",
        "@lexical/table": "0.2.2"
      }
    },
    "@polka/url": {
      "version": "1.0.0-next.21"
    },
    "@rollup/plugin-commonjs": {
      "version": "17.1.0",
      "dev": true,
      "requires": {
        "@rollup/pluginutils": "^3.1.0",
        "commondir": "^1.0.1",
        "estree-walker": "^2.0.1",
        "glob": "^7.1.6",
        "is-reference": "^1.2.1",
        "magic-string": "^0.25.7",
        "resolve": "^1.17.0"
      }
    },
    "@rollup/plugin-node-resolve": {
      "version": "11.2.1",
      "dev": true,
      "requires": {
        "@rollup/pluginutils": "^3.1.0",
        "@types/resolve": "1.17.1",
        "builtin-modules": "^3.1.0",
        "deepmerge": "^4.2.2",
        "is-module": "^1.0.0",
        "resolve": "^1.19.0"
      }
    },
    "@rollup/plugin-replace": {
      "version": "4.0.0",
      "resolved": "https://registry.npmjs.org/@rollup/plugin-replace/-/plugin-replace-4.0.0.tgz",
      "integrity": "sha512-+rumQFiaNac9y64OHtkHGmdjm7us9bo1PlbgQfdihQtuNxzjpaB064HbRnewUOggLQxVCCyINfStkgmBeQpv1g==",
      "requires": {
        "@rollup/pluginutils": "^3.1.0",
        "magic-string": "^0.25.7"
      }
    },
    "@rollup/pluginutils": {
      "version": "3.1.0",
      "requires": {
        "@types/estree": "0.0.39",
        "estree-walker": "^1.0.1",
        "picomatch": "^2.2.2"
      },
      "dependencies": {
        "estree-walker": {
          "version": "1.0.1"
        }
      }
    },
    "@types/estree": {
      "version": "0.0.39"
    },
    "@types/node": {
      "version": "17.0.25",
      "dev": true
    },
    "@types/resolve": {
      "version": "1.17.1",
      "dev": true,
      "requires": {
        "@types/node": "*"
      }
    },
    "acorn": {
      "version": "8.7.0",
      "dev": true
    },
    "ansi-styles": {
      "version": "3.2.1",
      "dev": true,
      "requires": {
        "color-convert": "^1.9.0"
      }
    },
    "anymatch": {
      "version": "3.1.2",
      "dev": true,
      "requires": {
        "normalize-path": "^3.0.0",
        "picomatch": "^2.0.4"
      }
    },
    "balanced-match": {
      "version": "1.0.2",
      "dev": true
    },
    "binary-extensions": {
      "version": "2.2.0",
      "dev": true
    },
    "brace-expansion": {
      "version": "1.1.11",
      "dev": true,
      "requires": {
        "balanced-match": "^1.0.0",
        "concat-map": "0.0.1"
      }
    },
    "braces": {
      "version": "3.0.2",
      "dev": true,
      "requires": {
        "fill-range": "^7.0.1"
      }
    },
    "buffer-from": {
      "version": "1.1.2",
      "dev": true
    },
    "builtin-modules": {
      "version": "3.2.0",
      "dev": true
    },
    "chalk": {
      "version": "2.4.2",
      "dev": true,
      "requires": {
        "ansi-styles": "^3.2.1",
        "escape-string-regexp": "^1.0.5",
        "supports-color": "^5.3.0"
      }
    },
    "chokidar": {
      "version": "3.5.3",
      "dev": true,
      "requires": {
        "anymatch": "~3.1.2",
        "braces": "~3.0.2",
        "fsevents": "~2.3.2",
        "glob-parent": "~5.1.2",
        "is-binary-path": "~2.1.0",
        "is-glob": "~4.0.1",
        "normalize-path": "~3.0.0",
        "readdirp": "~3.6.0"
      }
    },
    "color-convert": {
      "version": "1.9.3",
      "dev": true,
      "requires": {
        "color-name": "1.1.3"
      }
    },
    "color-name": {
      "version": "1.1.3",
      "dev": true
    },
    "commander": {
      "version": "2.20.3",
      "dev": true
    },
    "commondir": {
      "version": "1.0.1",
      "dev": true
    },
    "concat-map": {
      "version": "0.0.1",
      "dev": true
    },
    "console-clear": {
      "version": "1.1.1"
    },
    "deepmerge": {
      "version": "4.2.2",
      "dev": true
    },
    "escape-string-regexp": {
      "version": "1.0.5",
      "dev": true
    },
    "estree-walker": {
      "version": "2.0.2",
      "dev": true
    },
    "fill-range": {
      "version": "7.0.1",
      "dev": true,
      "requires": {
        "to-regex-range": "^5.0.1"
      }
    },
    "fs.realpath": {
      "version": "1.0.0",
      "dev": true
    },
    "function-bind": {
      "version": "1.1.1",
      "dev": true
    },
    "get-port": {
      "version": "3.2.0"
    },
    "glob": {
      "version": "7.2.0",
      "dev": true,
      "requires": {
        "fs.realpath": "^1.0.0",
        "inflight": "^1.0.4",
        "inherits": "2",
        "minimatch": "^3.0.4",
        "once": "^1.3.0",
        "path-is-absolute": "^1.0.0"
      }
    },
    "glob-parent": {
      "version": "5.1.2",
      "dev": true,
      "requires": {
        "is-glob": "^4.0.1"
      }
    },
    "has": {
      "version": "1.0.3",
      "dev": true,
      "requires": {
        "function-bind": "^1.1.1"
      }
    },
    "has-flag": {
      "version": "3.0.0",
      "dev": true
    },
    "inflight": {
      "version": "1.0.6",
      "dev": true,
      "requires": {
        "once": "^1.3.0",
        "wrappy": "1"
      }
    },
    "inherits": {
      "version": "2.0.4",
      "dev": true
    },
    "is-binary-path": {
      "version": "2.1.0",
      "dev": true,
      "requires": {
        "binary-extensions": "^2.0.0"
      }
    },
    "is-core-module": {
      "version": "2.8.1",
      "dev": true,
      "requires": {
        "has": "^1.0.3"
      }
    },
    "is-extglob": {
      "version": "2.1.1",
      "dev": true
    },
    "is-glob": {
      "version": "4.0.3",
      "dev": true,
      "requires": {
        "is-extglob": "^2.1.1"
      }
    },
    "is-module": {
      "version": "1.0.0",
      "dev": true
    },
    "is-number": {
      "version": "7.0.0",
      "dev": true
    },
    "is-reference": {
      "version": "1.2.1",
      "dev": true,
      "requires": {
        "@types/estree": "*"
      }
    },
    "jest-worker": {
      "version": "26.6.2",
      "dev": true,
      "requires": {
        "@types/node": "*",
        "merge-stream": "^2.0.0",
        "supports-color": "^7.0.0"
      },
      "dependencies": {
        "has-flag": {
          "version": "4.0.0",
          "dev": true
        },
        "supports-color": {
          "version": "7.2.0",
          "dev": true,
          "requires": {
            "has-flag": "^4.0.0"
          }
        }
      }
    },
    "js-tokens": {
      "version": "4.0.0",
      "dev": true
    },
    "kleur": {
      "version": "4.1.4"
    },
    "lexical": {
      "version": "0.2.2",
      "resolved": "https://registry.npmjs.org/lexical/-/lexical-0.2.2.tgz",
      "integrity": "sha512-Ga9iJKRmSlBzOFrsbLxXc0NNmU0LMeGod1qzU0QIUgVd0RRIaBNLb5c2mPuUUksK7QEq1hHqztofynWDhGNx6w=="
    },
    "livereload": {
      "version": "0.9.3",
      "dev": true,
      "requires": {
        "chokidar": "^3.5.0",
        "livereload-js": "^3.3.1",
        "opts": ">= 1.2.0",
        "ws": "^7.4.3"
      }
    },
    "livereload-js": {
      "version": "3.3.3",
      "dev": true
    },
    "local-access": {
      "version": "1.1.0"
    },
    "magic-string": {
      "version": "0.25.9",
      "requires": {
        "sourcemap-codec": "^1.4.8"
      }
    },
    "merge-stream": {
      "version": "2.0.0",
      "dev": true
    },
    "minimatch": {
      "version": "3.1.2",
      "dev": true,
      "requires": {
        "brace-expansion": "^1.1.7"
      }
    },
    "mri": {
      "version": "1.2.0"
    },
    "mrmime": {
      "version": "1.0.0"
    },
    "normalize-path": {
      "version": "3.0.0",
      "dev": true
    },
    "once": {
      "version": "1.4.0",
      "dev": true,
      "requires": {
        "wrappy": "1"
      }
    },
    "opts": {
      "version": "2.0.2",
      "dev": true
    },
    "path-is-absolute": {
      "version": "1.0.1",
      "dev": true
    },
    "path-parse": {
      "version": "1.0.7",
      "dev": true
    },
    "picomatch": {
      "version": "2.3.1"
    },
    "prismjs": {
      "version": "1.28.0",
      "resolved": "https://registry.npmjs.org/prismjs/-/prismjs-1.28.0.tgz",
      "integrity": "sha512-8aaXdYvl1F7iC7Xm1spqSaY/OJBpYW3v+KJ+F17iYxvdc8sfjW194COK5wVhMZX45tGteiBQgdvD/nhxcRwylw=="
    },
    "randombytes": {
      "version": "2.1.0",
      "dev": true,
      "requires": {
        "safe-buffer": "^5.1.0"
      }
    },
    "readdirp": {
      "version": "3.6.0",
      "dev": true,
      "requires": {
        "picomatch": "^2.2.1"
      }
    },
    "require-relative": {
      "version": "0.8.7",
      "dev": true
    },
    "resolve": {
      "version": "1.22.0",
      "dev": true,
      "requires": {
        "is-core-module": "^2.8.1",
        "path-parse": "^1.0.7",
        "supports-preserve-symlinks-flag": "^1.0.0"
      }
    },
    "rollup": {
      "version": "2.70.2",
      "requires": {
        "fsevents": "~2.3.2"
      }
    },
    "rollup-plugin-css-only": {
      "version": "3.1.0",
      "dev": true,
      "requires": {
        "@rollup/pluginutils": "4"
      },
      "dependencies": {
        "@rollup/pluginutils": {
          "version": "4.2.1",
          "dev": true,
          "requires": {
            "estree-walker": "^2.0.1",
            "picomatch": "^2.2.2"
          }
        }
      }
    },
    "rollup-plugin-livereload": {
      "version": "2.0.5",
      "dev": true,
      "requires": {
        "livereload": "^0.9.1"
      }
    },
    "rollup-plugin-svelte": {
      "version": "7.1.0",
      "dev": true,
      "requires": {
        "require-relative": "^0.8.7",
        "rollup-pluginutils": "^2.8.2"
      }
    },
    "rollup-plugin-terser": {
      "version": "7.0.2",
      "dev": true,
      "requires": {
        "@babel/code-frame": "^7.10.4",
        "jest-worker": "^26.2.1",
        "serialize-javascript": "^4.0.0",
        "terser": "^5.0.0"
      }
    },
    "rollup-pluginutils": {
      "version": "2.8.2",
      "dev": true,
      "requires": {
        "estree-walker": "^0.6.1"
      },
      "dependencies": {
        "estree-walker": {
          "version": "0.6.1",
          "dev": true
        }
      }
    },
    "sade": {
      "version": "1.8.1",
      "requires": {
        "mri": "^1.1.0"
      }
    },
    "safe-buffer": {
      "version": "5.2.1",
      "dev": true
    },
    "semiver": {
      "version": "1.1.0"
    },
    "serialize-javascript": {
      "version": "4.0.0",
      "dev": true,
      "requires": {
        "randombytes": "^2.1.0"
      }
    },
    "sirv": {
      "version": "2.0.2",
      "requires": {
        "@polka/url": "^1.0.0-next.20",
        "mrmime": "^1.0.0",
        "totalist": "^3.0.0"
      }
    },
    "sirv-cli": {
      "version": "2.0.2",
      "requires": {
        "console-clear": "^1.1.0",
        "get-port": "^3.2.0",
        "kleur": "^4.1.4",
        "local-access": "^1.0.1",
        "sade": "^1.6.0",
        "semiver": "^1.0.0",
        "sirv": "^2.0.0",
        "tinydate": "^1.0.0"
      }
    },
    "source-map": {
      "version": "0.7.3",
      "dev": true
    },
    "source-map-support": {
      "version": "0.5.21",
      "dev": true,
      "requires": {
        "buffer-from": "^1.0.0",
        "source-map": "^0.6.0"
      },
      "dependencies": {
        "source-map": {
          "version": "0.6.1",
          "dev": true
        }
      }
    },
    "sourcemap-codec": {
      "version": "1.4.8"
    },
    "supports-color": {
      "version": "5.5.0",
      "dev": true,
      "requires": {
        "has-flag": "^3.0.0"
      }
    },
    "supports-preserve-symlinks-flag": {
      "version": "1.0.0",
      "dev": true
    },
    "svelte": {
      "version": "3.47.0",
      "dev": true
    },
    "svelte-lexical": {
      "version": "0.1.2-beta.1",
      "resolved": "https://registry.npmjs.org/svelte-lexical/-/svelte-lexical-0.1.2-beta.1.tgz",
      "integrity": "sha512-/z9qoZvvL1PtWGM1STAIMgWWHj4RK0M47SeLNKOBmZ4COQxsP19BxaJDjZr/jMuwtHmT7LpOfw/uITC5WDM/Yg==",
      "requires": {
        "@lexical/code": "^0.2.2",
        "@lexical/hashtag": "^0.2.2",
        "@lexical/history": "^0.2.2",
        "@lexical/link": "^0.2.2",
        "@lexical/list": "^0.2.2",
        "@lexical/overflow": "^0.2.2",
        "@lexical/plain-text": "^0.2.2",
        "@lexical/rich-text": "^0.2.2",
        "@lexical/selection": "^0.2.2",
        "@lexical/table": "^0.2.2",
        "@lexical/utils": "^0.2.2",
        "lexical": "^0.2.2"
      }
    },
    "terser": {
      "version": "5.12.1",
      "dev": true,
      "requires": {
        "acorn": "^8.5.0",
        "commander": "^2.20.0",
        "source-map": "~0.7.2",
        "source-map-support": "~0.5.20"
      }
    },
    "tinydate": {
      "version": "1.3.0"
    },
    "to-regex-range": {
      "version": "5.0.1",
      "dev": true,
      "requires": {
        "is-number": "^7.0.0"
      }
    },
    "totalist": {
      "version": "3.0.0"
    },
    "wrappy": {
      "version": "1.0.2",
      "dev": true
    },
    "ws": {
      "version": "7.5.7",
      "dev": true,
      "requires": {}
    }
  }
}
